// !$*UTF8*$!
{
	archiveVersion = 1;
	classes = {
	};
	objectVersion = 46;
	objects = {

/* Begin PBXBuildFile section */
		636C436B1C0BA99900B52995 /* AppDelegate.swift in Sources */ = {isa = PBXBuildFile; fileRef = 636C436A1C0BA99900B52995 /* AppDelegate.swift */; };
		636C43721C0BA99900B52995 /* Assets.xcassets in Resources */ = {isa = PBXBuildFile; fileRef = 636C43711C0BA99900B52995 /* Assets.xcassets */; };
		636C43751C0BA99900B52995 /* LaunchScreen.storyboard in Resources */ = {isa = PBXBuildFile; fileRef = 636C43731C0BA99900B52995 /* LaunchScreen.storyboard */; };
		636C437D1C0BA9F000B52995 /* Main.storyboard in Resources */ = {isa = PBXBuildFile; fileRef = 636C437C1C0BA9F000B52995 /* Main.storyboard */; };
		636C43841C0BAA6A00B52995 /* CreateContact.swift in Sources */ = {isa = PBXBuildFile; fileRef = 636C437E1C0BAA6A00B52995 /* CreateContact.swift */; };
		636C43851C0BAA6A00B52995 /* LogIn.swift in Sources */ = {isa = PBXBuildFile; fileRef = 636C437F1C0BAA6A00B52995 /* LogIn.swift */; };
		636C43861C0BAA6A00B52995 /* StepFour.swift in Sources */ = {isa = PBXBuildFile; fileRef = 636C43801C0BAA6A00B52995 /* StepFour.swift */; };
		636C43871C0BAA6A00B52995 /* StepOne.swift in Sources */ = {isa = PBXBuildFile; fileRef = 636C43811C0BAA6A00B52995 /* StepOne.swift */; };
		636C43881C0BAA6A00B52995 /* StepThree.swift in Sources */ = {isa = PBXBuildFile; fileRef = 636C43821C0BAA6A00B52995 /* StepThree.swift */; };
		636C43891C0BAA6A00B52995 /* StepTwo.swift in Sources */ = {isa = PBXBuildFile; fileRef = 636C43831C0BAA6A00B52995 /* StepTwo.swift */; };
		636C438B1C0BAF1C00B52995 /* Info.plist in Resources */ = {isa = PBXBuildFile; fileRef = 636C438A1C0BAF1C00B52995 /* Info.plist */; };
		636C438E1C0BC50000B52995 /* FBSDKCoreKit.framework in Frameworks */ = {isa = PBXBuildFile; fileRef = 636C438C1C0BC50000B52995 /* FBSDKCoreKit.framework */; };
		636C438F1C0BC50000B52995 /* FBSDKLoginKit.framework in Frameworks */ = {isa = PBXBuildFile; fileRef = 636C438D1C0BC50000B52995 /* FBSDKLoginKit.framework */; };
/* End PBXBuildFile section */

/* Begin PBXFileReference section */
		636C43671C0BA99900B52995 /* Ikonagram.app */ = {isa = PBXFileReference; explicitFileType = wrapper.application; includeInIndex = 0; path = Ikonagram.app; sourceTree = BUILT_PRODUCTS_DIR; };
		636C436A1C0BA99900B52995 /* AppDelegate.swift */ = {isa = PBXFileReference; lastKnownFileType = sourcecode.swift; path = AppDelegate.swift; sourceTree = "<group>"; };
		636C43711C0BA99900B52995 /* Assets.xcassets */ = {isa = PBXFileReference; lastKnownFileType = folder.assetcatalog; path = Assets.xcassets; sourceTree = "<group>"; };
		636C43741C0BA99900B52995 /* Base */ = {isa = PBXFileReference; lastKnownFileType = file.storyboard; name = Base; path = Base.lproj/LaunchScreen.storyboard; sourceTree = "<group>"; };
		636C437C1C0BA9F000B52995 /* Main.storyboard */ = {isa = PBXFileReference; fileEncoding = 4; lastKnownFileType = file.storyboard; path = Main.storyboard; sourceTree = "<group>"; };
		636C437E1C0BAA6A00B52995 /* CreateContact.swift */ = {isa = PBXFileReference; fileEncoding = 4; lastKnownFileType = sourcecode.swift; path = CreateContact.swift; sourceTree = "<group>"; };
		636C437F1C0BAA6A00B52995 /* LogIn.swift */ = {isa = PBXFileReference; fileEncoding = 4; lastKnownFileType = sourcecode.swift; path = LogIn.swift; sourceTree = "<group>"; };
		636C43801C0BAA6A00B52995 /* StepFour.swift */ = {isa = PBXFileReference; fileEncoding = 4; lastKnownFileType = sourcecode.swift; path = StepFour.swift; sourceTree = "<group>"; };
		636C43811C0BAA6A00B52995 /* StepOne.swift */ = {isa = PBXFileReference; fileEncoding = 4; lastKnownFileType = sourcecode.swift; path = StepOne.swift; sourceTree = "<group>"; };
		636C43821C0BAA6A00B52995 /* StepThree.swift */ = {isa = PBXFileReference; fileEncoding = 4; lastKnownFileType = sourcecode.swift; path = StepThree.swift; sourceTree = "<group>"; };
		636C43831C0BAA6A00B52995 /* StepTwo.swift */ = {isa = PBXFileReference; fileEncoding = 4; lastKnownFileType = sourcecode.swift; path = StepTwo.swift; sourceTree = "<group>"; };
		636C438A1C0BAF1C00B52995 /* Info.plist */ = {isa = PBXFileReference; fileEncoding = 4; lastKnownFileType = text.plist.xml; path = Info.plist; sourceTree = "<group>"; };
		636C438C1C0BC50000B52995 /* FBSDKCoreKit.framework */ = {isa = PBXFileReference; lastKnownFileType = wrapper.framework; path = FBSDKCoreKit.framework; sourceTree = "<group>"; };
		636C438D1C0BC50000B52995 /* FBSDKLoginKit.framework */ = {isa = PBXFileReference; lastKnownFileType = wrapper.framework; path = FBSDKLoginKit.framework; sourceTree = "<group>"; };
/* End PBXFileReference section */

/* Begin PBXFrameworksBuildPhase section */
		636C43641C0BA99900B52995 /* Frameworks */ = {
			isa = PBXFrameworksBuildPhase;
			buildActionMask = 2147483647;
			files = (
				636C438F1C0BC50000B52995 /* FBSDKLoginKit.framework in Frameworks */,
				636C438E1C0BC50000B52995 /* FBSDKCoreKit.framework in Frameworks */,
			);
			runOnlyForDeploymentPostprocessing = 0;
		};
/* End PBXFrameworksBuildPhase section */

/* Begin PBXGroup section */
		636C435E1C0BA99900B52995 = {
			isa = PBXGroup;
			children = (
				636C438C1C0BC50000B52995 /* FBSDKCoreKit.framework */,
				636C438D1C0BC50000B52995 /* FBSDKLoginKit.framework */,
				636C43691C0BA99900B52995 /* Ikonagram */,
				636C43681C0BA99900B52995 /* Products */,
			);
			sourceTree = "<group>";
		};
		636C43681C0BA99900B52995 /* Products */ = {
			isa = PBXGroup;
			children = (
				636C43671C0BA99900B52995 /* Ikonagram.app */,
			);
			name = Products;
			sourceTree = "<group>";
		};
		636C43691C0BA99900B52995 /* Ikonagram */ = {
			isa = PBXGroup;
			children = (
				636C436A1C0BA99900B52995 /* AppDelegate.swift */,
				636C437F1C0BAA6A00B52995 /* LogIn.swift */,
				636C43811C0BAA6A00B52995 /* StepOne.swift */,
				636C43831C0BAA6A00B52995 /* StepTwo.swift */,
				636C43821C0BAA6A00B52995 /* StepThree.swift */,
				636C43801C0BAA6A00B52995 /* StepFour.swift */,
				636C437E1C0BAA6A00B52995 /* CreateContact.swift */,
				636C437C1C0BA9F000B52995 /* Main.storyboard */,
				636C43711C0BA99900B52995 /* Assets.xcassets */,
				636C43731C0BA99900B52995 /* LaunchScreen.storyboard */,
				636C438A1C0BAF1C00B52995 /* Info.plist */,
			);
			path = Ikonagram;
			sourceTree = "<group>";
		};
/* End PBXGroup section */

/* Begin PBXNativeTarget section */
		636C43661C0BA99900B52995 /* Ikonagram */ = {
			isa = PBXNativeTarget;
			buildConfigurationList = 636C43791C0BA99900B52995 /* Build configuration list for PBXNativeTarget "Ikonagram" */;
			buildPhases = (
				636C43631C0BA99900B52995 /* Sources */,
				636C43641C0BA99900B52995 /* Frameworks */,
				636C43651C0BA99900B52995 /* Resources */,
			);
			buildRules = (
			);
			dependencies = (
			);
			name = Ikonagram;
			productName = Ikonagram;
			productReference = 636C43671C0BA99900B52995 /* Ikonagram.app */;
			productType = "com.apple.product-type.application";
		};
/* End PBXNativeTarget section */

/* Begin PBXProject section */
		636C435F1C0BA99900B52995 /* Project object */ = {
			isa = PBXProject;
			attributes = {
				LastSwiftUpdateCheck = 0710;
				LastUpgradeCheck = 0710;
				ORGANIZATIONNAME = "Kroleo Studios";
				TargetAttributes = {
					636C43661C0BA99900B52995 = {
						CreatedOnToolsVersion = 7.1;
					};
				};
			};
			buildConfigurationList = 636C43621C0BA99900B52995 /* Build configuration list for PBXProject "Ikonagram" */;
			compatibilityVersion = "Xcode 3.2";
			developmentRegion = English;
			hasScannedForEncodings = 0;
			knownRegions = (
				en,
				Base,
			);
			mainGroup = 636C435E1C0BA99900B52995;
			productRefGroup = 636C43681C0BA99900B52995 /* Products */;
			projectDirPath = "";
			projectRoot = "";
			targets = (
				636C43661C0BA99900B52995 /* Ikonagram */,
			);
		};
/* End PBXProject section */

/* Begin PBXResourcesBuildPhase section */
		636C43651C0BA99900B52995 /* Resources */ = {
			isa = PBXResourcesBuildPhase;
			buildActionMask = 2147483647;
			files = (
				636C438B1C0BAF1C00B52995 /* Info.plist in Resources */,
				636C437D1C0BA9F000B52995 /* Main.storyboard in Resources */,
				636C43751C0BA99900B52995 /* LaunchScreen.storyboard in Resources */,
				636C43721C0BA99900B52995 /* Assets.xcassets in Resources */,
			);
			runOnlyForDeploymentPostprocessing = 0;
		};
/* End PBXResourcesBuildPhase section */

/* Begin PBXSourcesBuildPhase section */
		636C43631C0BA99900B52995 /* Sources */ = {
			isa = PBXSourcesBuildPhase;
			buildActionMask = 2147483647;
			files = (
				636C43861C0BAA6A00B52995 /* StepFour.swift in Sources */,
				636C43871C0BAA6A00B52995 /* StepOne.swift in Sources */,
				636C43881C0BAA6A00B52995 /* StepThree.swift in Sources */,
				636C43841C0BAA6A00B52995 /* CreateContact.swift in Sources */,
				636C436B1C0BA99900B52995 /* AppDelegate.swift in Sources */,
				636C43891C0BAA6A00B52995 /* StepTwo.swift in Sources */,
				636C43851C0BAA6A00B52995 /* LogIn.swift in Sources */,
			);
			runOnlyForDeploymentPostprocessing = 0;
		};
/* End PBXSourcesBuildPhase section */

/* Begin PBXVariantGroup section */
		636C43731C0BA99900B52995 /* LaunchScreen.storyboard */ = {
			isa = PBXVariantGroup;
			children = (
				636C43741C0BA99900B52995 /* Base */,
			);
			name = LaunchScreen.storyboard;
			sourceTree = "<group>";
		};
/* End PBXVariantGroup section */

/* Begin XCBuildConfiguration section */
		636C43771C0BA99900B52995 /* Debug */ = {
			isa = XCBuildConfiguration;
			buildSettings = {
				ALWAYS_SEARCH_USER_PATHS = NO;
				CLANG_CXX_LANGUAGE_STANDARD = "gnu++0x";
				CLANG_CXX_LIBRARY = "libc++";
				CLANG_ENABLE_MODULES = YES;
				CLANG_ENABLE_OBJC_ARC = YES;
				CLANG_WARN_BOOL_CONVERSION = YES;
				CLANG_WARN_CONSTANT_CONVERSION = YES;
				CLANG_WARN_DIRECT_OBJC_ISA_USAGE = YES_ERROR;
				CLANG_WARN_EMPTY_BODY = YES;
				CLANG_WARN_ENUM_CONVERSION = YES;
				CLANG_WARN_INT_CONVERSION = YES;
				CLANG_WARN_OBJC_ROOT_CLASS = YES_ERROR;
				CLANG_WARN_UNREACHABLE_CODE = YES;
				CLANG_WARN__DUPLICATE_METHOD_MATCH = YES;
				"CODE_SIGN_IDENTITY[sdk=iphoneos*]" = "iPhone Developer";
				COPY_PHASE_STRIP = NO;
				DEBUG_INFORMATION_FORMAT = dwarf;
				ENABLE_STRICT_OBJC_MSGSEND = YES;
				ENABLE_TESTABILITY = YES;
				GCC_C_LANGUAGE_STANDARD = gnu99;
				GCC_DYNAMIC_NO_PIC = NO;
				GCC_NO_COMMON_BLOCKS = YES;
				GCC_OPTIMIZATION_LEVEL = 0;
				GCC_PREPROCESSOR_DEFINITIONS = (
					"DEBUG=1",
					"$(inherited)",
				);
				GCC_WARN_64_TO_32_BIT_CONVERSION = YES;
				GCC_WARN_ABOUT_RETURN_TYPE = YES_ERROR;
				GCC_WARN_UNDECLARED_SELECTOR = YES;
				GCC_WARN_UNINITIALIZED_AUTOS = YES_AGGRESSIVE;
				GCC_WARN_UNUSED_FUNCTION = YES;
				GCC_WARN_UNUSED_VARIABLE = YES;
				IPHONEOS_DEPLOYMENT_TARGET = 9.1;
				MTL_ENABLE_DEBUG_INFO = YES;
				ONLY_ACTIVE_ARCH = YES;
				SDKROOT = iphoneos;
				SWIFT_OPTIMIZATION_LEVEL = "-Onone";
			};
			name = Debug;
		};
		636C43781C0BA99900B52995 /* Release */ = {
			isa = XCBuildConfiguration;
			buildSettings = {
				ALWAYS_SEARCH_USER_PATHS = NO;
				CLANG_CXX_LANGUAGE_STANDARD = "gnu++0x";
				CLANG_CXX_LIBRARY = "libc++";
				CLANG_ENABLE_MODULES = YES;
				CLANG_ENABLE_OBJC_ARC = YES;
				CLANG_WARN_BOOL_CONVERSION = YES;
				CLANG_WARN_CONSTANT_CONVERSION = YES;
				CLANG_WARN_DIRECT_OBJC_ISA_USAGE = YES_ERROR;
				CLANG_WARN_EMPTY_BODY = YES;
				CLANG_WARN_ENUM_CONVERSION = YES;
				CLANG_WARN_INT_CONVERSION = YES;
				CLANG_WARN_OBJC_ROOT_CLASS = YES_ERROR;
				CLANG_WARN_UNREACHABLE_CODE = YES;
				CLANG_WARN__DUPLICATE_METHOD_MATCH = YES;
				"CODE_SIGN_IDENTITY[sdk=iphoneos*]" = "iPhone Developer";
				COPY_PHASE_STRIP = NO;
				DEBUG_INFORMATION_FORMAT = "dwarf-with-dsym";
				ENABLE_NS_ASSERTIONS = NO;
				ENABLE_STRICT_OBJC_MSGSEND = YES;
				GCC_C_LANGUAGE_STANDARD = gnu99;
				GCC_NO_COMMON_BLOCKS = YES;
				GCC_WARN_64_TO_32_BIT_CONVERSION = YES;
				GCC_WARN_ABOUT_RETURN_TYPE = YES_ERROR;
				GCC_WARN_UNDECLARED_SELECTOR = YES;
				GCC_WARN_UNINITIALIZED_AUTOS = YES_AGGRESSIVE;
				GCC_WARN_UNUSED_FUNCTION = YES;
				GCC_WARN_UNUSED_VARIABLE = YES;
				IPHONEOS_DEPLOYMENT_TARGET = 9.1;
				MTL_ENABLE_DEBUG_INFO = NO;
				SDKROOT = iphoneos;
				VALIDATE_PRODUCT = YES;
			};
			name = Release;
		};
		636C437A1C0BA99900B52995 /* Debug */ = {
			isa = XCBuildConfiguration;
			buildSettings = {
				ASSETCATALOG_COMPILER_APPICON_NAME = AppIcon;
				FRAMEWORK_SEARCH_PATHS = (
					"$(inherited)",
					"$(PROJECT_DIR)",
				);
				INFOPLIST_FILE = Ikonagram/Info.plist;
				LD_RUNPATH_SEARCH_PATHS = "$(inherited) @executable_path/Frameworks";
				PRODUCT_BUNDLE_IDENTIFIER = com.kroleo.Ikonagram;
				PRODUCT_NAME = "$(TARGET_NAME)";
			};
			name = Debug;
		};
		636C437B1C0BA99900B52995 /* Release */ = {
			isa = XCBuildConfiguration;
			buildSettings = {
				ASSETCATALOG_COMPILER_APPICON_NAME = AppIcon;
				FRAMEWORK_SEARCH_PATHS = (
					"$(inherited)",
					"$(PROJECT_DIR)",
				);
				INFOPLIST_FILE = Ikonagram/Info.plist;
				LD_RUNPATH_SEARCH_PATHS = "$(inherited) @executable_path/Frameworks";
				PRODUCT_BUNDLE_IDENTIFIER = com.kroleo.Ikonagram;
				PRODUCT_NAME = "$(TARGET_NAME)";
			};
			name = Release;
		};
/* End XCBuildConfiguration section */

/* Begin XCConfigurationList section */
		636C43621C0BA99900B52995 /* Build configuration list for PBXProject "Ikonagram" */ = {
			isa = XCConfigurationList;
			buildConfigurations = (
				636C43771C0BA99900B52995 /* Debug */,
				636C43781C0BA99900B52995 /* Release */,
			);
			defaultConfigurationIsVisible = 0;
			defaultConfigurationName = Release;
		};
		636C43791C0BA99900B52995 /* Build configuration list for PBXNativeTarget "Ikonagram" */ = {
			isa = XCConfigurationList;
			buildConfigurations = (
				636C437A1C0BA99900B52995 /* Debug */,
				636C437B1C0BA99900B52995 /* Release */,
			);
			defaultConfigurationIsVisible = 0;
		};
/* End XCConfigurationList section */
	};
	rootObject = 636C435F1C0BA99900B52995 /* Project object */;
}
